
Microsoft Visual Studio Solution File, Format Version 12.00
# Visual Studio Version 16
VisualStudioVersion = 16.0.31729.503
MinimumVisualStudioVersion = 10.0.40219.1
Project("{9A19103F-16F7-4668-BE54-9A1E7A4F7556}") = "Labora01", "Labora01.csproj", "{6CF08D76-821C-4694-ABAF-D254CD4FC806}"
EndProject
Global
	GlobalSection(SolutionConfigurationPlatforms) = preSolution
		Debug|Any CPU = Debug|Any CPU
		Release|Any CPU = Release|Any CPU
	EndGlobalSection
	GlobalSection(ProjectConfigurationPlatforms) = postSolution
		{6CF08D76-821C-4694-ABAF-D254CD4FC806}.Debug|Any CPU.ActiveCfg = Debug|Any CPU
		{6CF08D76-821C-4694-ABAF-D254CD4FC806}.Debug|Any CPU.Build.0 = Debug|Any CPU
		{6CF08D76-821C-4694-ABAF-D254CD4FC806}.Release|Any CPU.ActiveCfg = Release|Any CPU
		{6CF08D76-821C-4694-ABAF-D254CD4FC806}.Release|Any CPU.Build.0 = Release|Any CPU
	EndGlobalSection
	GlobalSection(SolutionProperties) = preSolution
		HideSolutionNode = FALSE
	EndGlobalSection
	GlobalSection(ExtensibilityGlobals) = postSolution
		SolutionGuid = {19F3D674-087E-4FFD-A2F6-A06FE123F97C}
	EndGlobalSection
EndGlobal
